
Microsoft Visual Studio Solution File, Format Version 12.00
# Visual Studio 15
VisualStudioVersion = 15.0.27130.2026
MinimumVisualStudioVersion = 10.0.40219.1
Project("{8BC9CEB8-8B4A-11D0-8D11-00A0C91BC942}") = "D3D9YUVRendering", "D3D9YUVRendering\D3D9YUVRendering.vcxproj", "{96D4525F-0EA5-4FE2-9DDA-3B3A68326CA8}"
EndProject
Global
	GlobalSection(SolutionConfigurationPlatforms) = preSolution
		Debug|x64 = Debug|x64
		Debug|x86 = Debug|x86
		Release|x64 = Release|x64
		Release|x86 = Release|x86
	EndGlobalSection
	GlobalSection(ProjectConfigurationPlatforms) = postSolution
		{96D4525F-0EA5-4FE2-9DDA-3B3A68326CA8}.Debug|x64.ActiveCfg = Debug|x64
		{96D4525F-0EA5-4FE2-9DDA-3B3A68326CA8}.Debug|x64.Build.0 = Debug|x64
		{96D4525F-0EA5-4FE2-9DDA-3B3A68326CA8}.Debug|x86.ActiveCfg = Debug|Win32
		{96D4525F-0EA5-4FE2-9DDA-3B3A68326CA8}.Debug|x86.Build.0 = Debug|Win32
		{96D4525F-0EA5-4FE2-9DDA-3B3A68326CA8}.Release|x64.ActiveCfg = Release|x64
		{96D4525F-0EA5-4FE2-9DDA-3B3A68326CA8}.Release|x64.Build.0 = Release|x64
		{96D4525F-0EA5-4FE2-9DDA-3B3A68326CA8}.Release|x86.ActiveCfg = Release|Win32
		{96D4525F-0EA5-4FE2-9DDA-3B3A68326CA8}.Release|x86.Build.0 = Release|Win32
	EndGlobalSection
	GlobalSection(SolutionProperties) = preSolution
		HideSolutionNode = FALSE
	EndGlobalSection
	GlobalSection(ExtensibilityGlobals) = postSolution
		SolutionGuid = {5E7072B6-6E4E-4536-B9C2-DA1CD9B1F1FC}
	EndGlobalSection
EndGlobal
